<?xml version="1.0" encoding="UTF-8"?>
<Scheme
   LastUpgradeVersion = "2640"
   version = "1.7">
   <BuildAction
      parallelizeBuildables = "YES"
      buildImplicitDependencies = "YES"
      buildArchitectures = "Automatic">
      <BuildActionEntries>
         <BuildActionEntry
            buildForTesting = "YES"
            buildForRunning = "YES"
            buildForProfiling = "YES"
            buildForArchiving = "YES"
            buildForAnalyzing = "YES">
            <BuildableReference
               BuildableIdentifier = "primary"
               BlueprintIdentifier = "F34745DA2FC3DDE900BDD3EC"
               BuildableName = "ffplay"
               BlueprintName = "ffplay"
               ReferencedContainer = "container:ffmpeg_xcode_6.0.xcodeproj">
            </BuildableReference>
         </BuildActionEntry>
      </BuildActionEntries>
   </BuildAction>
   <TestAction
      buildConfiguration = "Debug"
      selectedDebuggerIdentifier = "Xcode.DebuggerFoundation.Debugger.LLDB"
      selectedLauncherIdentifier = "Xcode.DebuggerFoundation.Launcher.LLDB"
      shouldUseLaunchSchemeArgsEnv = "YES"
      shouldAutocreateTestPlan = "YES">
   </TestAction>
   <LaunchAction
      buildConfiguration = "Debug"
      selectedDebuggerIdentifier = "Xcode.DebuggerFoundation.Debugger.LLDB"
      selectedLauncherIdentifier = "Xcode.DebuggerFoundation.Launcher.LLDB"
      launchStyle = "0"
      useCustomWorkingDirectory = "NO"
      ignoresPersistentStateOnLaunch = "NO"
      debugDocumentVersioning = "YES"
      debugServiceExtension = "internal"
      allowLocationSimulation = "YES"
      viewDebuggingEnabled = "No"
      queueDebuggingEnableBacktraceRecording = "Yes">
      <BuildableProductRunnable
         runnableDebuggingMode = "0">
         <BuildableReference
            BuildableIdentifier = "primary"
            BlueprintIdentifier = "F34745DA2FC3DDE900BDD3EC"
            BuildableName = "ffplay"
            BlueprintName = "ffplay"
            ReferencedContainer = "container:ffmpeg_xcode_6.0.xcodeproj">
         </BuildableReference>
      </BuildableProductRunnable>
      <CommandLineArguments>
         <CommandLineArgument
            argument = " -ss 00:10:32 -x 200  -autoexit -alwaysontop -i  /Users/haixiaomian/Desktop/ff37.mp4"
            isEnabled = "NO">
         </CommandLineArgument>
         <CommandLineArgument
            argument = "-x 300 -ss 00:00:18  -i /Users/haixiaomian/Desktop/hsl1/m.m3u8"
            isEnabled = "NO">
         </CommandLineArgument>
         <CommandLineArgument
            argument = "-x 300 -i /Users/haixiaomian/Desktop/hsl1_disc/m.m3u8"
            isEnabled = "YES">
         </CommandLineArgument>
         <CommandLineArgument
            argument = "-x 300 -ss 00:00:00 -i /Users/haixiaomian/Desktop/hsl1/m.m3u8"
            isEnabled = "NO">
         </CommandLineArgument>
         <CommandLineArgument
            argument = "-x 300  -i /Users/haixiaomian/Desktop/ff37.h264"
            isEnabled = "NO">
         </CommandLineArgument>
         <CommandLineArgument
            argument = " -loglevel debug   -x 300  -i /Users/haixiaomian/Desktop/ff37.mp4"
            isEnabled = "NO">
         </CommandLineArgument>
         <CommandLineArgument
            argument = " -x 300  -i /Users/haixiaomian/Desktop/ff37.mp4"
            isEnabled = "NO">
         </CommandLineArgument>
         <CommandLineArgument
            argument = " -x 300  -i /Users/haixiaomian/Desktop/hls/m.m3u8"
            isEnabled = "NO">
         </CommandLineArgument>
         <CommandLineArgument
            argument = "-nodisp -i /Users/haixiaomian/Desktop/ff37.mp4"
            isEnabled = "NO">
         </CommandLineArgument>
         <CommandLineArgument
            argument = " -x 100  -i /Users/haixiaomian/Desktop/hjjxhn.mp3"
            isEnabled = "NO">
         </CommandLineArgument>
         <CommandLineArgument
            argument = " -x 100  -i /Users/haixiaomian/Desktop/f37574.aac"
            isEnabled = "NO">
         </CommandLineArgument>
         <CommandLineArgument
            argument = "-vn -ss 00:10:32 -x 200 -i  /Users/haixiaomian/Desktop/ff37.mp4"
            isEnabled = "NO">
         </CommandLineArgument>
      </CommandLineArguments>
   </LaunchAction>
   <ProfileAction
      buildConfiguration = "Release"
      shouldUseLaunchSchemeArgsEnv = "YES"
      savedToolIdentifier = ""
      useCustomWorkingDirectory = "NO"
      debugDocumentVersioning = "YES">
      <BuildableProductRunnable
         runnableDebuggingMode = "0">
         <BuildableReference
            BuildableIdentifier = "primary"
            BlueprintIdentifier = "F34745DA2FC3DDE900BDD3EC"
            BuildableName = "ffplay"
            BlueprintName = "ffplay"
            ReferencedContainer = "container:ffmpeg_xcode_6.0.xcodeproj">
         </BuildableReference>
      </BuildableProductRunnable>
   </ProfileAction>
   <AnalyzeAction
      buildConfiguration = "Debug">
   </AnalyzeAction>
   <ArchiveAction
      buildConfiguration = "Release"
      revealArchiveInOrganizer = "YES">
   </ArchiveAction>
</Scheme>
